
Microsoft Visual Studio Solution File, Format Version 12.00
# Visual Studio Version 17
VisualStudioVersion = 17.5.2.0
MinimumVisualStudioVersion = 10.0.40219.1
Project("{9A19103F-16F7-4668-BE54-9A1E7A4F7556}") = "SqliteInit", "src\SqliteInit.csproj", "{C6A97611-9B2A-493B-A190-2029E9E89C10}"
EndProject
Project("{FAE04EC0-301F-11D3-BF4B-00C04F79EFBC}") = "test", "test\test.csproj", "{CF5CE793-AC9D-46C4-9F7F-EAF1408C0BEA}"
EndProject
Global
	GlobalSection(SolutionConfigurationPlatforms) = preSolution
		Debug|Any CPU = Debug|Any CPU
		Debug|x64 = Debug|x64
		Debug|x86 = Debug|x86
		Release|Any CPU = Release|Any CPU
		Release|x64 = Release|x64
		Release|x86 = Release|x86
	EndGlobalSection
	GlobalSection(ProjectConfigurationPlatforms) = postSolution
		{C6A97611-9B2A-493B-A190-2029E9E89C10}.Debug|Any CPU.ActiveCfg = Debug|Any CPU
		{C6A97611-9B2A-493B-A190-2029E9E89C10}.Debug|Any CPU.Build.0 = Debug|Any CPU
		{C6A97611-9B2A-493B-A190-2029E9E89C10}.Debug|x64.ActiveCfg = Debug|Any CPU
		{C6A97611-9B2A-493B-A190-2029E9E89C10}.Debug|x64.Build.0 = Debug|Any CPU
		{C6A97611-9B2A-493B-A190-2029E9E89C10}.Debug|x86.ActiveCfg = Debug|Any CPU
		{C6A97611-9B2A-493B-A190-2029E9E89C10}.Debug|x86.Build.0 = Debug|Any CPU
		{C6A97611-9B2A-493B-A190-2029E9E89C10}.Release|Any CPU.ActiveCfg = Release|Any CPU
		{C6A97611-9B2A-493B-A190-2029E9E89C10}.Release|Any CPU.Build.0 = Release|Any CPU
		{C6A97611-9B2A-493B-A190-2029E9E89C10}.Release|x64.ActiveCfg = Release|Any CPU
		{C6A97611-9B2A-493B-A190-2029E9E89C10}.Release|x64.Build.0 = Release|Any CPU
		{C6A97611-9B2A-493B-A190-2029E9E89C10}.Release|x86.ActiveCfg = Release|Any CPU
		{C6A97611-9B2A-493B-A190-2029E9E89C10}.Release|x86.Build.0 = Release|Any CPU
		{CF5CE793-AC9D-46C4-9F7F-EAF1408C0BEA}.Debug|Any CPU.ActiveCfg = Debug|Any CPU
		{CF5CE793-AC9D-46C4-9F7F-EAF1408C0BEA}.Debug|Any CPU.Build.0 = Debug|Any CPU
		{CF5CE793-AC9D-46C4-9F7F-EAF1408C0BEA}.Debug|x64.ActiveCfg = Debug|Any CPU
		{CF5CE793-AC9D-46C4-9F7F-EAF1408C0BEA}.Debug|x64.Build.0 = Debug|Any CPU
		{CF5CE793-AC9D-46C4-9F7F-EAF1408C0BEA}.Debug|x86.ActiveCfg = Debug|Any CPU
		{CF5CE793-AC9D-46C4-9F7F-EAF1408C0BEA}.Debug|x86.Build.0 = Debug|Any CPU
		{CF5CE793-AC9D-46C4-9F7F-EAF1408C0BEA}.Release|Any CPU.ActiveCfg = Release|Any CPU
		{CF5CE793-AC9D-46C4-9F7F-EAF1408C0BEA}.Release|Any CPU.Build.0 = Release|Any CPU
		{CF5CE793-AC9D-46C4-9F7F-EAF1408C0BEA}.Release|x64.ActiveCfg = Release|Any CPU
		{CF5CE793-AC9D-46C4-9F7F-EAF1408C0BEA}.Release|x64.Build.0 = Release|Any CPU
		{CF5CE793-AC9D-46C4-9F7F-EAF1408C0BEA}.Release|x86.ActiveCfg = Release|Any CPU
		{CF5CE793-AC9D-46C4-9F7F-EAF1408C0BEA}.Release|x86.Build.0 = Release|Any CPU
	EndGlobalSection
	GlobalSection(SolutionProperties) = preSolution
		HideSolutionNode = FALSE
	EndGlobalSection
	GlobalSection(ExtensibilityGlobals) = postSolution
		SolutionGuid = {4AF8425F-0A11-4CD3-91C2-513DBCC7ADFD}
	EndGlobalSection
EndGlobal
